# @generated - this file is auto-generated by `mise lock` https://mise.jdx.dev/dev-tools/mise-lock.html

lockfile_version = 1

[[tools."github:tessariq/taskrail"]]
version = "0.4.0"
backend = "github:tessariq/taskrail"
specifiers = ["0.4.0"]

[tools."github:tessariq/taskrail"."platforms.linux-arm64"]
checksum = "sha256:8f7462bf74023946359877bb3efc00461575cf8486391ac3d034e53adf0867a7"
url = "https://github.com/tessariq/taskrail/releases/download/v0.4.0/taskrail_0.4.0_linux_arm64.tar.gz"
url_api = "https://api.github.com/repos/tessariq/taskrail/releases/assets/495068782"

[tools."github:tessariq/taskrail"."platforms.linux-arm64-musl"]
checksum = "sha256:8f7462bf74023946359877bb3efc00461575cf8486391ac3d034e53adf0867a7"
url = "https://github.com/tessariq/taskrail/releases/download/v0.4.0/taskrail_0.4.0_linux_arm64.tar.gz"
url_api = "https://api.github.com/repos/tessariq/taskrail/releases/assets/495068782"

[tools."github:tessariq/taskrail"."platforms.linux-x64"]
checksum = "sha256:d165c0e9499be6815e3f78686500ce7762b7b2ad08aff394ffa9a44b721bea70"
url = "https://github.com/tessariq/taskrail/releases/download/v0.4.0/taskrail_0.4.0_linux_amd64.tar.gz"
url_api = "https://api.github.com/repos/tessariq/taskrail/releases/assets/495068766"

[tools."github:tessariq/taskrail"."platforms.linux-x64-musl"]
checksum = "sha256:d165c0e9499be6815e3f78686500ce7762b7b2ad08aff394ffa9a44b721bea70"
url = "https://github.com/tessariq/taskrail/releases/download/v0.4.0/taskrail_0.4.0_linux_amd64.tar.gz"
url_api = "https://api.github.com/repos/tessariq/taskrail/releases/assets/495068766"

[tools."github:tessariq/taskrail"."platforms.macos-arm64"]
checksum = "sha256:99be4ef2f6ba68e7cdf2c60d5a09095b139aa217501ad381ec666185eb42701f"
url = "https://github.com/tessariq/taskrail/releases/download/v0.4.0/taskrail_0.4.0_darwin_arm64.tar.gz"
url_api = "https://api.github.com/repos/tessariq/taskrail/releases/assets/495068781"

[tools."github:tessariq/taskrail"."platforms.macos-x64"]
checksum = "sha256:e249c7d5b46dc1cc3f484437f2d23743a3cdd6c0c9f63f56fe2cde61fdcdc3a9"
url = "https://github.com/tessariq/taskrail/releases/download/v0.4.0/taskrail_0.4.0_darwin_amd64.tar.gz"
url_api = "https://api.github.com/repos/tessariq/taskrail/releases/assets/495068764"

[tools."github:tessariq/taskrail"."platforms.windows-x64"]
checksum = "sha256:c8c5849383ea5ad37ba499fc69d9d0953f1584f45835342eaf6e44e1d183647b"
url = "https://github.com/tessariq/taskrail/releases/download/v0.4.0/taskrail_0.4.0_windows_amd64.zip"
url_api = "https://api.github.com/repos/tessariq/taskrail/releases/assets/495068765"

[[tools.lefthook]]
version = "2.1.10"
backend = "aqua:evilmartians/lefthook"
specifiers = ["2.1.10"]

[tools.lefthook."platforms.linux-arm64"]
checksum = "sha256:6380a6ad6dd484466fd69bd83f24491d6ec27dc0b84e837be025620f7c4e11e3"
url = "https://github.com/evilmartians/lefthook/releases/download/v2.1.10/lefthook_2.1.10_Linux_aarch64.gz"
url_api = "https://api.github.com/repos/evilmartians/lefthook/releases/assets/470227512"
provenance = "github-attestations"

[tools.lefthook."platforms.linux-arm64-musl"]
checksum = "sha256:6380a6ad6dd484466fd69bd83f24491d6ec27dc0b84e837be025620f7c4e11e3"
url = "https://github.com/evilmartians/lefthook/releases/download/v2.1.10/lefthook_2.1.10_Linux_aarch64.gz"
url_api = "https://api.github.com/repos/evilmartians/lefthook/releases/assets/470227512"
provenance = "github-attestations"

[tools.lefthook."platforms.linux-x64"]
checksum = "sha256:0b14162a0bb2f0c64ae0759f6102f6e19c4d00981666a8ac73d4f5a6878ada4f"
url = "https://github.com/evilmartians/lefthook/releases/download/v2.1.10/lefthook_2.1.10_Linux_x86_64.gz"
url_api = "https://api.github.com/repos/evilmartians/lefthook/releases/assets/470227493"
provenance = "github-attestations"

[tools.lefthook."platforms.linux-x64-musl"]
checksum = "sha256:0b14162a0bb2f0c64ae0759f6102f6e19c4d00981666a8ac73d4f5a6878ada4f"
url = "https://github.com/evilmartians/lefthook/releases/download/v2.1.10/lefthook_2.1.10_Linux_x86_64.gz"
url_api = "https://api.github.com/repos/evilmartians/lefthook/releases/assets/470227493"
provenance = "github-attestations"

[tools.lefthook."platforms.macos-arm64"]
checksum = "sha256:1dd4dc7b4c50efb1f9d9122cd6535c793738d6e59751c228d49f768ec9dbb604"
url = "https://github.com/evilmartians/lefthook/releases/download/v2.1.10/lefthook_2.1.10_MacOS_arm64.gz"
url_api = "https://api.github.com/repos/evilmartians/lefthook/releases/assets/470227499"
provenance = "github-attestations"

[tools.lefthook."platforms.macos-x64"]
checksum = "sha256:49d905f28ca46442cb236060058b252da650b5f7b864bd275b61aa46945e8c4a"
url = "https://github.com/evilmartians/lefthook/releases/download/v2.1.10/lefthook_2.1.10_MacOS_x86_64.gz"
url_api = "https://api.github.com/repos/evilmartians/lefthook/releases/assets/470227495"
provenance = "github-attestations"

[tools.lefthook."platforms.windows-x64"]
checksum = "sha256:beabbce824641ae71229ed11dd8634f47148921cb649d25c90441b737481494a"
url = "https://github.com/evilmartians/lefthook/releases/download/v2.1.10/lefthook_2.1.10_Windows_x86_64.gz"
url_api = "https://api.github.com/repos/evilmartians/lefthook/releases/assets/470227505"
provenance = "github-attestations"
